
Microsoft Visual Studio Solution File, Format Version 12.00
# Visual Studio 2013
VisualStudioVersion = 12.0.21005.1
MinimumVisualStudioVersion = 10.0.40219.1
Project("{FAE04EC0-301F-11D3-BF4B-00C04F79EFBC}") = "ControllerMaster", "ControllerMaster.csproj", "{5471EFB9-AC0E-4D58-B27E-BD158C9EF309}"
EndProject
Project("{FAE04EC0-301F-11D3-BF4B-00C04F79EFBC}") = "Runner.64", "..\Runner.64\Runner.64.csproj", "{C0F38978-83B7-433E-A6DA-84E190217A48}"
EndProject
Global
	GlobalSection(SolutionConfigurationPlatforms) = preSolution
		Debug|Any CPU = Debug|Any CPU
		Release|Any CPU = Release|Any CPU
	EndGlobalSection
	GlobalSection(ProjectConfigurationPlatforms) = postSolution
		{5471EFB9-AC0E-4D58-B27E-BD158C9EF309}.Debug|Any CPU.ActiveCfg = Debug|Any CPU
		{5471EFB9-AC0E-4D58-B27E-BD158C9EF309}.Debug|Any CPU.Build.0 = Debug|Any CPU
		{5471EFB9-AC0E-4D58-B27E-BD158C9EF309}.Release|Any CPU.ActiveCfg = Release|Any CPU
		{5471EFB9-AC0E-4D58-B27E-BD158C9EF309}.Release|Any CPU.Build.0 = Release|Any CPU
		{C0F38978-83B7-433E-A6DA-84E190217A48}.Debug|Any CPU.ActiveCfg = Debug|Any CPU
		{C0F38978-83B7-433E-A6DA-84E190217A48}.Debug|Any CPU.Build.0 = Debug|Any CPU
		{C0F38978-83B7-433E-A6DA-84E190217A48}.Release|Any CPU.ActiveCfg = Release|Any CPU
		{C0F38978-83B7-433E-A6DA-84E190217A48}.Release|Any CPU.Build.0 = Release|Any CPU
	EndGlobalSection
	GlobalSection(SolutionProperties) = preSolution
		HideSolutionNode = FALSE
	EndGlobalSection
EndGlobal
